// !$*UTF8*$!
{
	archiveVersion = 1;
	classes = {
	};
	objectVersion = 55;
	objects = {

/* Begin PBXBuildFile section */
		305C05E2277D96E10019877D /* AppDelegate.swift in Sources */ = {isa = PBXBuildFile; fileRef = 305C05E1277D96E10019877D /* AppDelegate.swift */; };
		305C05E4277D96E10019877D /* SceneDelegate.swift in Sources */ = {isa = PBXBuildFile; fileRef = 305C05E3277D96E10019877D /* SceneDelegate.swift */; };
		305C05E6277D96E10019877D /* ViewController.swift in Sources */ = {isa = PBXBuildFile; fileRef = 305C05E5277D96E10019877D /* ViewController.swift */; };
		305C05E9277D96E10019877D /* Main.storyboard in Resources */ = {isa = PBXBuildFile; fileRef = 305C05E7277D96E10019877D /* Main.storyboard */; };
		305C05EB277D96E30019877D /* Assets.xcassets in Resources */ = {isa = PBXBuildFile; fileRef = 305C05EA277D96E30019877D /* Assets.xcassets */; };
		305C05EE277D96E30019877D /* LaunchScreen.storyboard in Resources */ = {isa = PBXBuildFile; fileRef = 305C05EC277D96E30019877D /* LaunchScreen.storyboard */; };
		305C05F9277D96E30019877D /* KiwiTests.swift in Sources */ = {isa = PBXBuildFile; fileRef = 305C05F8277D96E30019877D /* KiwiTests.swift */; };
		305C0603277D96E30019877D /* KiwiUITests.swift in Sources */ = {isa = PBXBuildFile; fileRef = 305C0602277D96E30019877D /* KiwiUITests.swift */; };
		305C0605277D96E30019877D /* KiwiUITestsLaunchTests.swift in Sources */ = {isa = PBXBuildFile; fileRef = 305C0604277D96E30019877D /* KiwiUITestsLaunchTests.swift */; };
		850644F49C9383B856316692 /* Pods_Kiwi.framework in Frameworks */ = {isa = PBXBuildFile; fileRef = A2DF21AF6609B95B944A1978 /* Pods_Kiwi.framework */; };
/* End PBXBuildFile section */

/* Begin PBXContainerItemProxy section */
		305C05F5277D96E30019877D /* PBXContainerItemProxy */ = {
			isa = PBXContainerItemProxy;
			containerPortal = 305C05D6277D96E10019877D /* Project object */;
			proxyType = 1;
			remoteGlobalIDString = 305C05DD277D96E10019877D;
			remoteInfo = Kiwi;
		};
		305C05FF277D96E30019877D /* PBXContainerItemProxy */ = {
			isa = PBXContainerItemProxy;
			containerPortal = 305C05D6277D96E10019877D /* Project object */;
			proxyType = 1;
			remoteGlobalIDString = 305C05DD277D96E10019877D;
			remoteInfo = Kiwi;
		};
/* End PBXContainerItemProxy section */

/* Begin PBXFileReference section */
		305C05DE277D96E10019877D /* Kiwi.app */ = {isa = PBXFileReference; explicitFileType = wrapper.application; includeInIndex = 0; path = Kiwi.app; sourceTree = BUILT_PRODUCTS_DIR; };
		305C05E1277D96E10019877D /* AppDelegate.swift */ = {isa = PBXFileReference; lastKnownFileType = sourcecode.swift; path = AppDelegate.swift; sourceTree = "<group>"; };
		305C05E3277D96E10019877D /* SceneDelegate.swift */ = {isa = PBXFileReference; lastKnownFileType = sourcecode.swift; path = SceneDelegate.swift; sourceTree = "<group>"; };
		305C05E5277D96E10019877D /* ViewController.swift */ = {isa = PBXFileReference; lastKnownFileType = sourcecode.swift; path = ViewController.swift; sourceTree = "<group>"; };
		305C05E8277D96E10019877D /* Base */ = {isa = PBXFileReference; lastKnownFileType = file.storyboard; name = Base; path = Base.lproj/Main.storyboard; sourceTree = "<group>"; };
		305C05EA277D96E30019877D /* Assets.xcassets */ = {isa = PBXFileReference; lastKnownFileType = folder.assetcatalog; path = Assets.xcassets; sourceTree = "<group>"; };
		305C05ED277D96E30019877D /* Base */ = {isa = PBXFileReference; lastKnownFileType = file.storyboard; name = Base; path = Base.lproj/LaunchScreen.storyboard; sourceTree = "<group>"; };
		305C05EF277D96E30019877D /* Info.plist */ = {isa = PBXFileReference; lastKnownFileType = text.plist.xml; path = Info.plist; sourceTree = "<group>"; };
		305C05F4277D96E30019877D /* KiwiTests.xctest */ = {isa = PBXFileReference; explicitFileType = wrapper.cfbundle; includeInIndex = 0; path = KiwiTests.xctest; sourceTree = BUILT_PRODUCTS_DIR; };
		305C05F8277D96E30019877D /* KiwiTests.swift */ = {isa = PBXFileReference; lastKnownFileType = sourcecode.swift; path = KiwiTests.swift; sourceTree = "<group>"; };
		305C05FE277D96E30019877D /* KiwiUITests.xctest */ = {isa = PBXFileReference; explicitFileType = wrapper.cfbundle; includeInIndex = 0; path = KiwiUITests.xctest; sourceTree = BUILT_PRODUCTS_DIR; };
		305C0602277D96E30019877D /* KiwiUITests.swift */ = {isa = PBXFileReference; lastKnownFileType = sourcecode.swift; path = KiwiUITests.swift; sourceTree = "<group>"; };
		305C0604277D96E30019877D /* KiwiUITestsLaunchTests.swift */ = {isa = PBXFileReference; lastKnownFileType = sourcecode.swift; path = KiwiUITestsLaunchTests.swift; sourceTree = "<group>"; };
		A2DF21AF6609B95B944A1978 /* Pods_Kiwi.framework */ = {isa = PBXFileReference; explicitFileType = wrapper.framework; includeInIndex = 0; path = Pods_Kiwi.framework; sourceTree = BUILT_PRODUCTS_DIR; };
		B60B5EAC60D3C8B2D1056DB5 /* Pods-Kiwi.release.xcconfig */ = {isa = PBXFileReference; includeInIndex = 1; lastKnownFileType = text.xcconfig; name = "Pods-Kiwi.release.xcconfig"; path = "Target Support Files/Pods-Kiwi/Pods-Kiwi.release.xcconfig"; sourceTree = "<group>"; };
		EBBF2BD24337061B706120DE /* Pods-Kiwi.debug.xcconfig */ = {isa = PBXFileReference; includeInIndex = 1; lastKnownFileType = text.xcconfig; name = "Pods-Kiwi.debug.xcconfig"; path = "Target Support Files/Pods-Kiwi/Pods-Kiwi.debug.xcconfig"; sourceTree = "<group>"; };
/* End PBXFileReference section */

/* Begin PBXFrameworksBuildPhase section */
		305C05DB277D96E10019877D /* Frameworks */ = {
			isa = PBXFrameworksBuildPhase;
			buildActionMask = 2147483647;
			files = (
				850644F49C9383B856316692 /* Pods_Kiwi.framework in Frameworks */,
			);
			runOnlyForDeploymentPostprocessing = 0;
		};
		305C05F1277D96E30019877D /* Frameworks */ = {
			isa = PBXFrameworksBuildPhase;
			buildActionMask = 2147483647;
			files = (
			);
			runOnlyForDeploymentPostprocessing = 0;
		};
		305C05FB277D96E30019877D /* Frameworks */ = {
			isa = PBXFrameworksBuildPhase;
			buildActionMask = 2147483647;
			files = (
			);
			runOnlyForDeploymentPostprocessing = 0;
		};
/* End PBXFrameworksBuildPhase section */

/* Begin PBXGroup section */
		305C05D5277D96E10019877D = {
			isa = PBXGroup;
			children = (
				305C05E0277D96E10019877D /* Kiwi */,
				305C05F7277D96E30019877D /* KiwiTests */,
				305C0601277D96E30019877D /* KiwiUITests */,
				305C05DF277D96E10019877D /* Products */,
				428F4605684681D675BAF92A /* Pods */,
				ECB2F51EBAFE2FCF3F536925 /* Frameworks */,
			);
			sourceTree = "<group>";
		};
		305C05DF277D96E10019877D /* Products */ = {
			isa = PBXGroup;
			children = (
				305C05DE277D96E10019877D /* Kiwi.app */,
				305C05F4277D96E30019877D /* KiwiTests.xctest */,
				305C05FE277D96E30019877D /* KiwiUITests.xctest */,
			);
			name = Products;
			sourceTree = "<group>";
		};
		305C05E0277D96E10019877D /* Kiwi */ = {
			isa = PBXGroup;
			children = (
				305C05E1277D96E10019877D /* AppDelegate.swift */,
				305C05E3277D96E10019877D /* SceneDelegate.swift */,
				305C05E5277D96E10019877D /* ViewController.swift */,
				305C0611277D98C80019877D /* Source */,
				305C05E7277D96E10019877D /* Main.storyboard */,
				305C05EA277D96E30019877D /* Assets.xcassets */,
				305C05EC277D96E30019877D /* LaunchScreen.storyboard */,
				305C05EF277D96E30019877D /* Info.plist */,
			);
			path = Kiwi;
			sourceTree = "<group>";
		};
		305C05F7277D96E30019877D /* KiwiTests */ = {
			isa = PBXGroup;
			children = (
				305C05F8277D96E30019877D /* KiwiTests.swift */,
			);
			path = KiwiTests;
			sourceTree = "<group>";
		};
		305C0601277D96E30019877D /* KiwiUITests */ = {
			isa = PBXGroup;
			children = (
				305C0602277D96E30019877D /* KiwiUITests.swift */,
				305C0604277D96E30019877D /* KiwiUITestsLaunchTests.swift */,
			);
			path = KiwiUITests;
			sourceTree = "<group>";
		};
		305C0611277D98C80019877D /* Source */ = {
			isa = PBXGroup;
			children = (
			);
			path = Source;
			sourceTree = "<group>";
		};
		428F4605684681D675BAF92A /* Pods */ = {
			isa = PBXGroup;
			children = (
				EBBF2BD24337061B706120DE /* Pods-Kiwi.debug.xcconfig */,
				B60B5EAC60D3C8B2D1056DB5 /* Pods-Kiwi.release.xcconfig */,
			);
			path = Pods;
			sourceTree = "<group>";
		};
		ECB2F51EBAFE2FCF3F536925 /* Frameworks */ = {
			isa = PBXGroup;
			children = (
				A2DF21AF6609B95B944A1978 /* Pods_Kiwi.framework */,
			);
			name = Frameworks;
			sourceTree = "<group>";
		};
/* End PBXGroup section */

/* Begin PBXNativeTarget section */
		305C05DD277D96E10019877D /* Kiwi */ = {
			isa = PBXNativeTarget;
			buildConfigurationList = 305C0608277D96E30019877D /* Build configuration list for PBXNativeTarget "Kiwi" */;
			buildPhases = (
				11B12E0B17FCAE8F62C0DFA5 /* [CP] Check Pods Manifest.lock */,
				305C05DA277D96E10019877D /* Sources */,
				305C05DB277D96E10019877D /* Frameworks */,
				305C05DC277D96E10019877D /* Resources */,
				DC9F55664851E893966AAE01 /* [CP] Embed Pods Frameworks */,
			);
			buildRules = (
			);
			dependencies = (
			);
			name = Kiwi;
			productName = Kiwi;
			productReference = 305C05DE277D96E10019877D /* Kiwi.app */;
			productType = "com.apple.product-type.application";
		};
		305C05F3277D96E30019877D /* KiwiTests */ = {
			isa = PBXNativeTarget;
			buildConfigurationList = 305C060B277D96E30019877D /* Build configuration list for PBXNativeTarget "KiwiTests" */;
			buildPhases = (
				305C05F0277D96E30019877D /* Sources */,
				305C05F1277D96E30019877D /* Frameworks */,
				305C05F2277D96E30019877D /* Resources */,
			);
			buildRules = (
			);
			dependencies = (
				305C05F6277D96E30019877D /* PBXTargetDependency */,
			);
			name = KiwiTests;
			productName = KiwiTests;
			productReference = 305C05F4277D96E30019877D /* KiwiTests.xctest */;
			productType = "com.apple.product-type.bundle.unit-test";
		};
		305C05FD277D96E30019877D /* KiwiUITests */ = {
			isa = PBXNativeTarget;
			buildConfigurationList = 305C060E277D96E30019877D /* Build configuration list for PBXNativeTarget "KiwiUITests" */;
			buildPhases = (
				305C05FA277D96E30019877D /* Sources */,
				305C05FB277D96E30019877D /* Frameworks */,
				305C05FC277D96E30019877D /* Resources */,
			);
			buildRules = (
			);
			dependencies = (
				305C0600277D96E30019877D /* PBXTargetDependency */,
			);
			name = KiwiUITests;
			productName = KiwiUITests;
			productReference = 305C05FE277D96E30019877D /* KiwiUITests.xctest */;
			productType = "com.apple.product-type.bundle.ui-testing";
		};
/* End PBXNativeTarget section */

/* Begin PBXProject section */
		305C05D6277D96E10019877D /* Project object */ = {
			isa = PBXProject;
			attributes = {
				BuildIndependentTargetsInParallel = 1;
				LastSwiftUpdateCheck = 1320;
				LastUpgradeCheck = 1320;
				TargetAttributes = {
					305C05DD277D96E10019877D = {
						CreatedOnToolsVersion = 13.2.1;
					};
					305C05F3277D96E30019877D = {
						CreatedOnToolsVersion = 13.2.1;
						TestTargetID = 305C05DD277D96E10019877D;
					};
					305C05FD277D96E30019877D = {
						CreatedOnToolsVersion = 13.2.1;
						TestTargetID = 305C05DD277D96E10019877D;
					};
				};
			};
			buildConfigurationList = 305C05D9277D96E10019877D /* Build configuration list for PBXProject "Kiwi" */;
			compatibilityVersion = "Xcode 13.0";
			developmentRegion = en;
			hasScannedForEncodings = 0;
			knownRegions = (
				en,
				Base,
			);
			mainGroup = 305C05D5277D96E10019877D;
			productRefGroup = 305C05DF277D96E10019877D /* Products */;
			projectDirPath = "";
			projectRoot = "";
			targets = (
				305C05DD277D96E10019877D /* Kiwi */,
				305C05F3277D96E30019877D /* KiwiTests */,
				305C05FD277D96E30019877D /* KiwiUITests */,
			);
		};
/* End PBXProject section */

/* Begin PBXResourcesBuildPhase section */
		305C05DC277D96E10019877D /* Resources */ = {
			isa = PBXResourcesBuildPhase;
			buildActionMask = 2147483647;
			files = (
				305C05EE277D96E30019877D /* LaunchScreen.storyboard in Resources */,
				305C05EB277D96E30019877D /* Assets.xcassets in Resources */,
				305C05E9277D96E10019877D /* Main.storyboard in Resources */,
			);
			runOnlyForDeploymentPostprocessing = 0;
		};
		305C05F2277D96E30019877D /* Resources */ = {
			isa = PBXResourcesBuildPhase;
			buildActionMask = 2147483647;
			files = (
			);
			runOnlyForDeploymentPostprocessing = 0;
		};
		305C05FC277D96E30019877D /* Resources */ = {
			isa = PBXResourcesBuildPhase;
			buildActionMask = 2147483647;
			files = (
			);
			runOnlyForDeploymentPostprocessing = 0;
		};
/* End PBXResourcesBuildPhase section */

/* Begin PBXShellScriptBuildPhase section */
		11B12E0B17FCAE8F62C0DFA5 /* [CP] Check Pods Manifest.lock */ = {
			isa = PBXShellScriptBuildPhase;
			buildActionMask = 2147483647;
			files = (
			);
			inputFileListPaths = (
			);
			inputPaths = (
				"${PODS_PODFILE_DIR_PATH}/Podfile.lock",
				"${PODS_ROOT}/Manifest.lock",
			);
			name = "[CP] Check Pods Manifest.lock";
			outputFileListPaths = (
			);
			outputPaths = (
				"$(DERIVED_FILE_DIR)/Pods-Kiwi-checkManifestLockResult.txt",
			);
			runOnlyForDeploymentPostprocessing = 0;
			shellPath = /bin/sh;
			shellScript = "diff \"${PODS_PODFILE_DIR_PATH}/Podfile.lock\" \"${PODS_ROOT}/Manifest.lock\" > /dev/null\nif [ $? != 0 ] ; then\n    # print error to STDERR\n    echo \"error: The sandbox is not in sync with the Podfile.lock. Run 'pod install' or update your CocoaPods installation.\" >&2\n    exit 1\nfi\n# This output is used by Xcode 'outputs' to avoid re-running this script phase.\necho \"SUCCESS\" > \"${SCRIPT_OUTPUT_FILE_0}\"\n";
			showEnvVarsInLog = 0;
		};
		DC9F55664851E893966AAE01 /* [CP] Embed Pods Frameworks */ = {
			isa = PBXShellScriptBuildPhase;
			buildActionMask = 2147483647;
			files = (
			);
			inputFileListPaths = (
				"${PODS_ROOT}/Target Support Files/Pods-Kiwi/Pods-Kiwi-frameworks-${CONFIGURATION}-input-files.xcfilelist",
			);
			name = "[CP] Embed Pods Frameworks";
			outputFileListPaths = (
				"${PODS_ROOT}/Target Support Files/Pods-Kiwi/Pods-Kiwi-frameworks-${CONFIGURATION}-output-files.xcfilelist",
			);
			runOnlyForDeploymentPostprocessing = 0;
			shellPath = /bin/sh;
			shellScript = "\"${PODS_ROOT}/Target Support Files/Pods-Kiwi/Pods-Kiwi-frameworks.sh\"\n";
			showEnvVarsInLog = 0;
		};
/* End PBXShellScriptBuildPhase section */

/* Begin PBXSourcesBuildPhase section */
		305C05DA277D96E10019877D /* Sources */ = {
			isa = PBXSourcesBuildPhase;
			buildActionMask = 2147483647;
			files = (
				305C05E6277D96E10019877D /* ViewController.swift in Sources */,
				305C05E2277D96E10019877D /* AppDelegate.swift in Sources */,
				305C05E4277D96E10019877D /* SceneDelegate.swift in Sources */,
			);
			runOnlyForDeploymentPostprocessing = 0;
		};
		305C05F0277D96E30019877D /* Sources */ = {
			isa = PBXSourcesBuildPhase;
			buildActionMask = 2147483647;
			files = (
				305C05F9277D96E30019877D /* KiwiTests.swift in Sources */,
			);
			runOnlyForDeploymentPostprocessing = 0;
		};
		305C05FA277D96E30019877D /* Sources */ = {
			isa = PBXSourcesBuildPhase;
			buildActionMask = 2147483647;
			files = (
				305C0605277D96E30019877D /* KiwiUITestsLaunchTests.swift in Sources */,
				305C0603277D96E30019877D /* KiwiUITests.swift in Sources */,
			);
			runOnlyForDeploymentPostprocessing = 0;
		};
/* End PBXSourcesBuildPhase section */

/* Begin PBXTargetDependency section */
		305C05F6277D96E30019877D /* PBXTargetDependency */ = {
			isa = PBXTargetDependency;
			target = 305C05DD277D96E10019877D /* Kiwi */;
			targetProxy = 305C05F5277D96E30019877D /* PBXContainerItemProxy */;
		};
		305C0600277D96E30019877D /* PBXTargetDependency */ = {
			isa = PBXTargetDependency;
			target = 305C05DD277D96E10019877D /* Kiwi */;
			targetProxy = 305C05FF277D96E30019877D /* PBXContainerItemProxy */;
		};
/* End PBXTargetDependency section */

/* Begin PBXVariantGroup section */
		305C05E7277D96E10019877D /* Main.storyboard */ = {
			isa = PBXVariantGroup;
			children = (
				305C05E8277D96E10019877D /* Base */,
			);
			name = Main.storyboard;
			sourceTree = "<group>";
		};
		305C05EC277D96E30019877D /* LaunchScreen.storyboard */ = {
			isa = PBXVariantGroup;
			children = (
				305C05ED277D96E30019877D /* Base */,
			);
			name = LaunchScreen.storyboard;
			sourceTree = "<group>";
		};
/* End PBXVariantGroup section */

/* Begin XCBuildConfiguration section */
		305C0606277D96E30019877D /* Debug */ = {
			isa = XCBuildConfiguration;
			buildSettings = {
				ALWAYS_SEARCH_USER_PATHS = NO;
				CLANG_ANALYZER_NONNULL = YES;
				CLANG_ANALYZER_NUMBER_OBJECT_CONVERSION = YES_AGGRESSIVE;
				CLANG_CXX_LANGUAGE_STANDARD = "gnu++17";
				CLANG_CXX_LIBRARY = "libc++";
				CLANG_ENABLE_MODULES = YES;
				CLANG_ENABLE_OBJC_ARC = YES;
				CLANG_ENABLE_OBJC_WEAK = YES;
				CLANG_WARN_BLOCK_CAPTURE_AUTORELEASING = YES;
				CLANG_WARN_BOOL_CONVERSION = YES;
				CLANG_WARN_COMMA = YES;
				CLANG_WARN_CONSTANT_CONVERSION = YES;
				CLANG_WARN_DEPRECATED_OBJC_IMPLEMENTATIONS = YES;
				CLANG_WARN_DIRECT_OBJC_ISA_USAGE = YES_ERROR;
				CLANG_WARN_DOCUMENTATION_COMMENTS = YES;
				CLANG_WARN_EMPTY_BODY = YES;
				CLANG_WARN_ENUM_CONVERSION = YES;
				CLANG_WARN_INFINITE_RECURSION = YES;
				CLANG_WARN_INT_CONVERSION = YES;
				CLANG_WARN_NON_LITERAL_NULL_CONVERSION = YES;
				CLANG_WARN_OBJC_IMPLICIT_RETAIN_SELF = YES;
				CLANG_WARN_OBJC_LITERAL_CONVERSION = YES;
				CLANG_WARN_OBJC_ROOT_CLASS = YES_ERROR;
				CLANG_WARN_QUOTED_INCLUDE_IN_FRAMEWORK_HEADER = YES;
				CLANG_WARN_RANGE_LOOP_ANALYSIS = YES;
				CLANG_WARN_STRICT_PROTOTYPES = YES;
				CLANG_WARN_SUSPICIOUS_MOVE = YES;
				CLANG_WARN_UNGUARDED_AVAILABILITY = YES_AGGRESSIVE;
				CLANG_WARN_UNREACHABLE_CODE = YES;
				CLANG_WARN__DUPLICATE_METHOD_MATCH = YES;
				COPY_PHASE_STRIP = NO;
				DEBUG_INFORMATION_FORMAT = dwarf;
				ENABLE_STRICT_OBJC_MSGSEND = YES;
				ENABLE_TESTABILITY = YES;
				GCC_C_LANGUAGE_STANDARD = gnu11;
				GCC_DYNAMIC_NO_PIC = NO;
				GCC_NO_COMMON_BLOCKS = YES;
				GCC_OPTIMIZATION_LEVEL = 0;
				GCC_PREPROCESSOR_DEFINITIONS = (
					"DEBUG=1",
					"$(inherited)",
				);
				GCC_WARN_64_TO_32_BIT_CONVERSION = YES;
				GCC_WARN_ABOUT_RETURN_TYPE = YES_ERROR;
				GCC_WARN_UNDECLARED_SELECTOR = YES;
				GCC_WARN_UNINITIALIZED_AUTOS = YES_AGGRESSIVE;
				GCC_WARN_UNUSED_FUNCTION = YES;
				GCC_WARN_UNUSED_VARIABLE = YES;
				IPHONEOS_DEPLOYMENT_TARGET = 15.2;
				MTL_ENABLE_DEBUG_INFO = INCLUDE_SOURCE;
				MTL_FAST_MATH = YES;
				ONLY_ACTIVE_ARCH = YES;
				SDKROOT = iphoneos;
				SWIFT_ACTIVE_COMPILATION_CONDITIONS = DEBUG;
				SWIFT_OPTIMIZATION_LEVEL = "-Onone";
			};
			name = Debug;
		};
		305C0607277D96E30019877D /* Release */ = {
			isa = XCBuildConfiguration;
			buildSettings = {
				ALWAYS_SEARCH_USER_PATHS = NO;
				CLANG_ANALYZER_NONNULL = YES;
				CLANG_ANALYZER_NUMBER_OBJECT_CONVERSION = YES_AGGRESSIVE;
				CLANG_CXX_LANGUAGE_STANDARD = "gnu++17";
				CLANG_CXX_LIBRARY = "libc++";
				CLANG_ENABLE_MODULES = YES;
				CLANG_ENABLE_OBJC_ARC = YES;
				CLANG_ENABLE_OBJC_WEAK = YES;
				CLANG_WARN_BLOCK_CAPTURE_AUTORELEASING = YES;
				CLANG_WARN_BOOL_CONVERSION = YES;
				CLANG_WARN_COMMA = YES;
				CLANG_WARN_CONSTANT_CONVERSION = YES;
				CLANG_WARN_DEPRECATED_OBJC_IMPLEMENTATIONS = YES;
				CLANG_WARN_DIRECT_OBJC_ISA_USAGE = YES_ERROR;
				CLANG_WARN_DOCUMENTATION_COMMENTS = YES;
				CLANG_WARN_EMPTY_BODY = YES;
				CLANG_WARN_ENUM_CONVERSION = YES;
				CLANG_WARN_INFINITE_RECURSION = YES;
				CLANG_WARN_INT_CONVERSION = YES;
				CLANG_WARN_NON_LITERAL_NULL_CONVERSION = YES;
				CLANG_WARN_OBJC_IMPLICIT_RETAIN_SELF = YES;
				CLANG_WARN_OBJC_LITERAL_CONVERSION = YES;
				CLANG_WARN_OBJC_ROOT_CLASS = YES_ERROR;
				CLANG_WARN_QUOTED_INCLUDE_IN_FRAMEWORK_HEADER = YES;
				CLANG_WARN_RANGE_LOOP_ANALYSIS = YES;
				CLANG_WARN_STRICT_PROTOTYPES = YES;
				CLANG_WARN_SUSPICIOUS_MOVE = YES;
				CLANG_WARN_UNGUARDED_AVAILABILITY = YES_AGGRESSIVE;
				CLANG_WARN_UNREACHABLE_CODE = YES;
				CLANG_WARN__DUPLICATE_METHOD_MATCH = YES;
				COPY_PHASE_STRIP = NO;
				DEBUG_INFORMATION_FORMAT = "dwarf-with-dsym";
				ENABLE_NS_ASSERTIONS = NO;
				ENABLE_STRICT_OBJC_MSGSEND = YES;
				GCC_C_LANGUAGE_STANDARD = gnu11;
				GCC_NO_COMMON_BLOCKS = YES;
				GCC_WARN_64_TO_32_BIT_CONVERSION = YES;
				GCC_WARN_ABOUT_RETURN_TYPE = YES_ERROR;
				GCC_WARN_UNDECLARED_SELECTOR = YES;
				GCC_WARN_UNINITIALIZED_AUTOS = YES_AGGRESSIVE;
				GCC_WARN_UNUSED_FUNCTION = YES;
				GCC_WARN_UNUSED_VARIABLE = YES;
				IPHONEOS_DEPLOYMENT_TARGET = 15.2;
				MTL_ENABLE_DEBUG_INFO = NO;
				MTL_FAST_MATH = YES;
				SDKROOT = iphoneos;
				SWIFT_COMPILATION_MODE = wholemodule;
				SWIFT_OPTIMIZATION_LEVEL = "-O";
				VALIDATE_PRODUCT = YES;
			};
			name = Release;
		};
		305C0609277D96E30019877D /* Debug */ = {
			isa = XCBuildConfiguration;
			baseConfigurationReference = EBBF2BD24337061B706120DE /* Pods-Kiwi.debug.xcconfig */;
			buildSettings = {
				ASSETCATALOG_COMPILER_APPICON_NAME = AppIcon;
				ASSETCATALOG_COMPILER_GLOBAL_ACCENT_COLOR_NAME = AccentColor;
				CODE_SIGN_STYLE = Automatic;
				CURRENT_PROJECT_VERSION = 1;
				GENERATE_INFOPLIST_FILE = YES;
				INFOPLIST_FILE = Kiwi/Info.plist;
				INFOPLIST_KEY_UIApplicationSupportsIndirectInputEvents = YES;
				INFOPLIST_KEY_UILaunchStoryboardName = LaunchScreen;
				INFOPLIST_KEY_UIMainStoryboardFile = Main;
				INFOPLIST_KEY_UISupportedInterfaceOrientations_iPad = "UIInterfaceOrientationPortrait UIInterfaceOrientationPortraitUpsideDown UIInterfaceOrientationLandscapeLeft UIInterfaceOrientationLandscapeRight";
				INFOPLIST_KEY_UISupportedInterfaceOrientations_iPhone = "UIInterfaceOrientationPortrait UIInterfaceOrientationLandscapeLeft UIInterfaceOrientationLandscapeRight";
				LD_RUNPATH_SEARCH_PATHS = (
					"$(inherited)",
					"@executable_path/Frameworks",
				);
				MARKETING_VERSION = 1.0;
				PRODUCT_BUNDLE_IDENTIFIER = com.kuailebang.app.Kiwi;
				PRODUCT_NAME = "$(TARGET_NAME)";
				SWIFT_EMIT_LOC_STRINGS = YES;
				SWIFT_VERSION = 5.0;
				TARGETED_DEVICE_FAMILY = "1,2";
			};
			name = Debug;
		};
		305C060A277D96E30019877D /* Release */ = {
			isa = XCBuildConfiguration;
			baseConfigurationReference = B60B5EAC60D3C8B2D1056DB5 /* Pods-Kiwi.release.xcconfig */;
			buildSettings = {
				ASSETCATALOG_COMPILER_APPICON_NAME = AppIcon;
				ASSETCATALOG_COMPILER_GLOBAL_ACCENT_COLOR_NAME = AccentColor;
				CODE_SIGN_STYLE = Automatic;
				CURRENT_PROJECT_VERSION = 1;
				GENERATE_INFOPLIST_FILE = YES;
				INFOPLIST_FILE = Kiwi/Info.plist;
				INFOPLIST_KEY_UIApplicationSupportsIndirectInputEvents = YES;
				INFOPLIST_KEY_UILaunchStoryboardName = LaunchScreen;
				INFOPLIST_KEY_UIMainStoryboardFile = Main;
				INFOPLIST_KEY_UISupportedInterfaceOrientations_iPad = "UIInterfaceOrientationPortrait UIInterfaceOrientationPortraitUpsideDown UIInterfaceOrientationLandscapeLeft UIInterfaceOrientationLandscapeRight";
				INFOPLIST_KEY_UISupportedInterfaceOrientations_iPhone = "UIInterfaceOrientationPortrait UIInterfaceOrientationLandscapeLeft UIInterfaceOrientationLandscapeRight";
				LD_RUNPATH_SEARCH_PATHS = (
					"$(inherited)",
					"@executable_path/Frameworks",
				);
				MARKETING_VERSION = 1.0;
				PRODUCT_BUNDLE_IDENTIFIER = com.kuailebang.app.Kiwi;
				PRODUCT_NAME = "$(TARGET_NAME)";
				SWIFT_EMIT_LOC_STRINGS = YES;
				SWIFT_VERSION = 5.0;
				TARGETED_DEVICE_FAMILY = "1,2";
			};
			name = Release;
		};
		305C060C277D96E30019877D /* Debug */ = {
			isa = XCBuildConfiguration;
			buildSettings = {
				ALWAYS_EMBED_SWIFT_STANDARD_LIBRARIES = YES;
				BUNDLE_LOADER = "$(TEST_HOST)";
				CODE_SIGN_STYLE = Automatic;
				CURRENT_PROJECT_VERSION = 1;
				GENERATE_INFOPLIST_FILE = YES;
				IPHONEOS_DEPLOYMENT_TARGET = 15.2;
				MARKETING_VERSION = 1.0;
				PRODUCT_BUNDLE_IDENTIFIER = com.kuailebang.app.KiwiTests;
				PRODUCT_NAME = "$(TARGET_NAME)";
				SWIFT_EMIT_LOC_STRINGS = NO;
				SWIFT_VERSION = 5.0;
				TARGETED_DEVICE_FAMILY = "1,2";
				TEST_HOST = "$(BUILT_PRODUCTS_DIR)/Kiwi.app/Kiwi";
			};
			name = Debug;
		};
		305C060D277D96E30019877D /* Release */ = {
			isa = XCBuildConfiguration;
			buildSettings = {
				ALWAYS_EMBED_SWIFT_STANDARD_LIBRARIES = YES;
				BUNDLE_LOADER = "$(TEST_HOST)";
				CODE_SIGN_STYLE = Automatic;
				CURRENT_PROJECT_VERSION = 1;
				GENERATE_INFOPLIST_FILE = YES;
				IPHONEOS_DEPLOYMENT_TARGET = 15.2;
				MARKETING_VERSION = 1.0;
				PRODUCT_BUNDLE_IDENTIFIER = com.kuailebang.app.KiwiTests;
				PRODUCT_NAME = "$(TARGET_NAME)";
				SWIFT_EMIT_LOC_STRINGS = NO;
				SWIFT_VERSION = 5.0;
				TARGETED_DEVICE_FAMILY = "1,2";
				TEST_HOST = "$(BUILT_PRODUCTS_DIR)/Kiwi.app/Kiwi";
			};
			name = Release;
		};
		305C060F277D96E30019877D /* Debug */ = {
			isa = XCBuildConfiguration;
			buildSettings = {
				ALWAYS_EMBED_SWIFT_STANDARD_LIBRARIES = YES;
				CODE_SIGN_STYLE = Automatic;
				CURRENT_PROJECT_VERSION = 1;
				GENERATE_INFOPLIST_FILE = YES;
				MARKETING_VERSION = 1.0;
				PRODUCT_BUNDLE_IDENTIFIER = com.kuailebang.app.KiwiUITests;
				PRODUCT_NAME = "$(TARGET_NAME)";
				SWIFT_EMIT_LOC_STRINGS = NO;
				SWIFT_VERSION = 5.0;
				TARGETED_DEVICE_FAMILY = "1,2";
				TEST_TARGET_NAME = Kiwi;
			};
			name = Debug;
		};
		305C0610277D96E30019877D /* Release */ = {
			isa = XCBuildConfiguration;
			buildSettings = {
				ALWAYS_EMBED_SWIFT_STANDARD_LIBRARIES = YES;
				CODE_SIGN_STYLE = Automatic;
				CURRENT_PROJECT_VERSION = 1;
				GENERATE_INFOPLIST_FILE = YES;
				MARKETING_VERSION = 1.0;
				PRODUCT_BUNDLE_IDENTIFIER = com.kuailebang.app.KiwiUITests;
				PRODUCT_NAME = "$(TARGET_NAME)";
				SWIFT_EMIT_LOC_STRINGS = NO;
				SWIFT_VERSION = 5.0;
				TARGETED_DEVICE_FAMILY = "1,2";
				TEST_TARGET_NAME = Kiwi;
			};
			name = Release;
		};
/* End XCBuildConfiguration section */

/* Begin XCConfigurationList section */
		305C05D9277D96E10019877D /* Build configuration list for PBXProject "Kiwi" */ = {
			isa = XCConfigurationList;
			buildConfigurations = (
				305C0606277D96E30019877D /* Debug */,
				305C0607277D96E30019877D /* Release */,
			);
			defaultConfigurationIsVisible = 0;
			defaultConfigurationName = Release;
		};
		305C0608277D96E30019877D /* Build configuration list for PBXNativeTarget "Kiwi" */ = {
			isa = XCConfigurationList;
			buildConfigurations = (
				305C0609277D96E30019877D /* Debug */,
				305C060A277D96E30019877D /* Release */,
			);
			defaultConfigurationIsVisible = 0;
			defaultConfigurationName = Release;
		};
		305C060B277D96E30019877D /* Build configuration list for PBXNativeTarget "KiwiTests" */ = {
			isa = XCConfigurationList;
			buildConfigurations = (
				305C060C277D96E30019877D /* Debug */,
				305C060D277D96E30019877D /* Release */,
			);
			defaultConfigurationIsVisible = 0;
			defaultConfigurationName = Release;
		};
		305C060E277D96E30019877D /* Build configuration list for PBXNativeTarget "KiwiUITests" */ = {
			isa = XCConfigurationList;
			buildConfigurations = (
				305C060F277D96E30019877D /* Debug */,
				305C0610277D96E30019877D /* Release */,
			);
			defaultConfigurationIsVisible = 0;
			defaultConfigurationName = Release;
		};
/* End XCConfigurationList section */
	};
	rootObject = 305C05D6277D96E10019877D /* Project object */;
}
